
Microsoft Visual Studio Solution File, Format Version 12.00
# Visual Studio 15
VisualStudioVersion = 15.0.28307.852
MinimumVisualStudioVersion = 10.0.40219.1
Project("{FAE04EC0-301F-11D3-BF4B-00C04F79EFBC}") = "ServiceKiller", "ServiceKiller\ServiceKiller.csproj", "{A86C0B1E-0ADD-488F-8EDF-783D737E92EF}"
EndProject
Global
	GlobalSection(SolutionConfigurationPlatforms) = preSolution
		Debug|Any CPU = Debug|Any CPU
		Release|Any CPU = Release|Any CPU
	EndGlobalSection
	GlobalSection(ProjectConfigurationPlatforms) = postSolution
		{A86C0B1E-0ADD-488F-8EDF-783D737E92EF}.Debug|Any CPU.ActiveCfg = Debug|Any CPU
		{A86C0B1E-0ADD-488F-8EDF-783D737E92EF}.Debug|Any CPU.Build.0 = Debug|Any CPU
		{A86C0B1E-0ADD-488F-8EDF-783D737E92EF}.Release|Any CPU.ActiveCfg = Release|Any CPU
		{A86C0B1E-0ADD-488F-8EDF-783D737E92EF}.Release|Any CPU.Build.0 = Release|Any CPU
	EndGlobalSection
	GlobalSection(SolutionProperties) = preSolution
		HideSolutionNode = FALSE
	EndGlobalSection
	GlobalSection(ExtensibilityGlobals) = postSolution
		SolutionGuid = {63711445-4FE7-472F-B92E-5147FA51F2A3}
	EndGlobalSection
EndGlobal
